
Microsoft Visual Studio Solution File, Format Version 12.00
# Visual Studio Version 17
VisualStudioVersion = 17.11.35312.102
MinimumVisualStudioVersion = 10.0.40219.1
Project("{9A19103F-16F7-4668-BE54-9A1E7A4F7556}") = "MainApi", "MainApi\MainApi.csproj", "{1C5D848C-8FC6-4F67-BB5A-2AD68A63E2F1}"
EndProject
Project("{9A19103F-16F7-4668-BE54-9A1E7A4F7556}") = "DataAccessLayer", "DataAccessLayer\DataAccessLayer.csproj", "{CD520E82-9AA4-4E51-AB79-88F712421AD0}"
EndProject
Project("{9A19103F-16F7-4668-BE54-9A1E7A4F7556}") = "ServiceLayer", "ServiceLayer\ServiceLayer.csproj", "{1851F092-EF06-46C0-BA50-33E17674B71E}"
EndProject
Global
	GlobalSection(SolutionConfigurationPlatforms) = preSolution
		Debug|Any CPU = Debug|Any CPU
		Release|Any CPU = Release|Any CPU
	EndGlobalSection
	GlobalSection(ProjectConfigurationPlatforms) = postSolution
		{1C5D848C-8FC6-4F67-BB5A-2AD68A63E2F1}.Debug|Any CPU.ActiveCfg = Debug|Any CPU
		{1C5D848C-8FC6-4F67-BB5A-2AD68A63E2F1}.Debug|Any CPU.Build.0 = Debug|Any CPU
		{1C5D848C-8FC6-4F67-BB5A-2AD68A63E2F1}.Release|Any CPU.ActiveCfg = Release|Any CPU
		{1C5D848C-8FC6-4F67-BB5A-2AD68A63E2F1}.Release|Any CPU.Build.0 = Release|Any CPU
		{CD520E82-9AA4-4E51-AB79-88F712421AD0}.Debug|Any CPU.ActiveCfg = Debug|Any CPU
		{CD520E82-9AA4-4E51-AB79-88F712421AD0}.Debug|Any CPU.Build.0 = Debug|Any CPU
		{CD520E82-9AA4-4E51-AB79-88F712421AD0}.Release|Any CPU.ActiveCfg = Release|Any CPU
		{CD520E82-9AA4-4E51-AB79-88F712421AD0}.Release|Any CPU.Build.0 = Release|Any CPU
		{1851F092-EF06-46C0-BA50-33E17674B71E}.Debug|Any CPU.ActiveCfg = Debug|Any CPU
		{1851F092-EF06-46C0-BA50-33E17674B71E}.Debug|Any CPU.Build.0 = Debug|Any CPU
		{1851F092-EF06-46C0-BA50-33E17674B71E}.Release|Any CPU.ActiveCfg = Release|Any CPU
		{1851F092-EF06-46C0-BA50-33E17674B71E}.Release|Any CPU.Build.0 = Release|Any CPU
	EndGlobalSection
	GlobalSection(SolutionProperties) = preSolution
		HideSolutionNode = FALSE
	EndGlobalSection
	GlobalSection(ExtensibilityGlobals) = postSolution
		SolutionGuid = {DE1D21EB-A781-4116-BC1F-E99354733CB0}
	EndGlobalSection
EndGlobal
