
Microsoft Visual Studio Solution File, Format Version 12.00
# Visual Studio Version 17
VisualStudioVersion = 17.11.35312.102
MinimumVisualStudioVersion = 10.0.40219.1
Project("{FAE04EC0-301F-11D3-BF4B-00C04F79EFBC}") = "MainApi", "MainApi.csproj", "{7FAA2F3D-2074-4278-904F-5A9BC7FA0A41}"
EndProject
Project("{FAE04EC0-301F-11D3-BF4B-00C04F79EFBC}") = "DataAccessLayer", "..\DataAccessLayer\DataAccessLayer.csproj", "{37A226BB-B6CC-4E36-BC34-C86A419152DA}"
EndProject
Project("{FAE04EC0-301F-11D3-BF4B-00C04F79EFBC}") = "ServiceLayer", "..\ServiceLayer\ServiceLayer.csproj", "{A604E5E0-1570-4665-8020-9C3885A0FA86}"
EndProject
Global
	GlobalSection(SolutionConfigurationPlatforms) = preSolution
		Debug|Any CPU = Debug|Any CPU
		Release|Any CPU = Release|Any CPU
	EndGlobalSection
	GlobalSection(ProjectConfigurationPlatforms) = postSolution
		{7FAA2F3D-2074-4278-904F-5A9BC7FA0A41}.Debug|Any CPU.ActiveCfg = Debug|Any CPU
		{7FAA2F3D-2074-4278-904F-5A9BC7FA0A41}.Debug|Any CPU.Build.0 = Debug|Any CPU
		{7FAA2F3D-2074-4278-904F-5A9BC7FA0A41}.Release|Any CPU.ActiveCfg = Release|Any CPU
		{7FAA2F3D-2074-4278-904F-5A9BC7FA0A41}.Release|Any CPU.Build.0 = Release|Any CPU
		{37A226BB-B6CC-4E36-BC34-C86A419152DA}.Debug|Any CPU.ActiveCfg = Debug|Any CPU
		{37A226BB-B6CC-4E36-BC34-C86A419152DA}.Debug|Any CPU.Build.0 = Debug|Any CPU
		{37A226BB-B6CC-4E36-BC34-C86A419152DA}.Release|Any CPU.ActiveCfg = Release|Any CPU
		{37A226BB-B6CC-4E36-BC34-C86A419152DA}.Release|Any CPU.Build.0 = Release|Any CPU
		{A604E5E0-1570-4665-8020-9C3885A0FA86}.Debug|Any CPU.ActiveCfg = Debug|Any CPU
		{A604E5E0-1570-4665-8020-9C3885A0FA86}.Debug|Any CPU.Build.0 = Debug|Any CPU
		{A604E5E0-1570-4665-8020-9C3885A0FA86}.Release|Any CPU.ActiveCfg = Release|Any CPU
		{A604E5E0-1570-4665-8020-9C3885A0FA86}.Release|Any CPU.Build.0 = Release|Any CPU
	EndGlobalSection
	GlobalSection(SolutionProperties) = preSolution
		HideSolutionNode = FALSE
	EndGlobalSection
	GlobalSection(ExtensibilityGlobals) = postSolution
		SolutionGuid = {DE1D21EB-A781-4116-BC1F-E99354733CB0}
	EndGlobalSection
EndGlobal
